{
  "nodes": {
    "crane": {
      "locked": {
        "lastModified": 1765739568,
        "narHash": "sha256-gQYx35Of4UDKUjAYvmxjUEh/DdszYeTtT6MDin4loGE=",
        "owner": "ipetkov",
        "repo": "crane",
        "rev": "67d2baff0f9f677af35db61b32b5df6863bcc075",
        "type": "github"
      },
      "original": {
        "owner": "ipetkov",
        "repo": "crane",
        "type": "github"
      }
    },
    "flake-compat": {
      "flake": false,
      "locked": {
        "lastModified": 1696426674,
        "narHash": "sha256-kvjfFW7WAETZlt09AgDn1MrtKzP7t90Vf7vypd3OL1U=",
        "owner": "edolstra",
        "repo": "flake-compat",
        "rev": "0f9255e01c2351cc7d116c072cb317785dd33b33",
        "type": "github"
      },
      "original": {
        "owner": "edolstra",
        "repo": "flake-compat",
        "type": "github"
      }
    },
    "flake-utils": {
      "inputs": {
        "systems": "systems_2"
      },
      "locked": {
        "lastModified": 1731533236,
        "narHash": "sha256-l0KFg5HjrsfsO/JpG+r7fRrqm12kzFHyUHqHCVpMMbI=",
        "owner": "numtide",
        "repo": "flake-utils",
        "rev": "11707dc2f618dd54ca8739b309ec4fc024de578b",
        "type": "github"
      },
      "original": {
        "owner": "numtide",
        "repo": "flake-utils",
        "type": "github"
      }
    },
    "helix": {
      "inputs": {
        "nixpkgs": "nixpkgs",
        "rust-overlay": "rust-overlay"
      },
      "locked": {
        "lastModified": 1771429468,
        "narHash": "sha256-blgdyxA7Ih6jwrp12uSfOylelRHrs9FgP8Mh5GBKG6E=",
        "owner": "helix-editor",
        "repo": "helix",
        "rev": "1a38979aaa53ea96425a04413c871600ee5845e7",
        "type": "github"
      },
      "original": {
        "owner": "helix-editor",
        "repo": "helix",
        "type": "github"
      }
    },
    "home-manager": {
      "inputs": {
        "nixpkgs": [
          "nixpkgs"
        ]
      },
      "locked": {
        "lastModified": 1771625283,
        "narHash": "sha256-1T88/PSNKpRNtaiXATTae0hpRnBpjmIL0b1QfGO6HBA=",
        "owner": "nix-community",
        "repo": "home-manager",
        "rev": "a913ae61bf3b9f4312f6097b68cdf0a0fa699279",
        "type": "github"
      },
      "original": {
        "owner": "nix-community",
        "ref": "master",
        "repo": "home-manager",
        "type": "github"
      }
    },
    "nix-darwin": {
      "inputs": {
        "nixpkgs": [
          "nixpkgs"
        ]
      },
      "locked": {
        "lastModified": 1771520882,
        "narHash": "sha256-9SeTZ4Pwr730YfT7V8Azb8GFbwk1ZwiQDAwft3qAD+o=",
        "owner": "lnl7",
        "repo": "nix-darwin",
        "rev": "6a7fdcd5839ec8b135821179eea3b58092171bcf",
        "type": "github"
      },
      "original": {
        "owner": "lnl7",
        "ref": "master",
        "repo": "nix-darwin",
        "type": "github"
      }
    },
    "nix-index-database": {
      "inputs": {
        "nixpkgs": [
          "nixpkgs"
        ]
      },
      "locked": {
        "lastModified": 1771130777,
        "narHash": "sha256-UIKOwG0D9XVIJfNWg6+gENAvQP+7LO46eO0Jpe+ItJ0=",
        "owner": "nix-community",
        "repo": "nix-index-database",
        "rev": "efec7aaad8d43f8e5194df46a007456093c40f88",
        "type": "github"
      },
      "original": {
        "owner": "nix-community",
        "repo": "nix-index-database",
        "type": "github"
      }
    },
    "nixpkgs": {
      "locked": {
        "lastModified": 1771369470,
        "narHash": "sha256-0NBlEBKkN3lufyvFegY4TYv5mCNHbi5OmBDrzihbBMQ=",
        "owner": "nixos",
        "repo": "nixpkgs",
        "rev": "0182a361324364ae3f436a63005877674cf45efb",
        "type": "github"
      },
      "original": {
        "owner": "nixos",
        "ref": "nixos-unstable",
        "repo": "nixpkgs",
        "type": "github"
      }
    },
    "nixpkgs-bun": {
      "locked": {
        "lastModified": 1767151656,
        "narHash": "sha256-ujL2AoYBnJBN262HD95yer7QYUmYp5kFZGYbyCCKxq8=",
        "owner": "NixOS",
        "repo": "nixpkgs",
        "rev": "f665af0cdb70ed27e1bd8f9fdfecaf451260fc55",
        "type": "github"
      },
      "original": {
        "owner": "NixOS",
        "repo": "nixpkgs",
        "rev": "f665af0cdb70ed27e1bd8f9fdfecaf451260fc55",
        "type": "github"
      }
    },
    "nixpkgs_2": {
      "locked": {
        "lastModified": 1771207753,
        "narHash": "sha256-b9uG8yN50DRQ6A7JdZBfzq718ryYrlmGgqkRm9OOwCE=",
        "owner": "NixOS",
        "repo": "nixpkgs",
        "rev": "d1c15b7d5806069da59e819999d70e1cec0760bf",
        "type": "github"
      },
      "original": {
        "owner": "NixOS",
        "ref": "nixpkgs-unstable",
        "repo": "nixpkgs",
        "type": "github"
      }
    },
    "nixpkgs_3": {
      "locked": {
        "lastModified": 1770843696,
        "narHash": "sha256-LovWTGDwXhkfCOmbgLVA10bvsi/P8eDDpRudgk68HA8=",
        "owner": "NixOS",
        "repo": "nixpkgs",
        "rev": "2343bbb58f99267223bc2aac4fc9ea301a155a16",
        "type": "github"
      },
      "original": {
        "owner": "NixOS",
        "ref": "nixpkgs-unstable",
        "repo": "nixpkgs",
        "type": "github"
      }
    },
    "nixpkgs_4": {
      "locked": {
        "lastModified": 1771043024,
        "narHash": "sha256-O1XDr7EWbRp+kHrNNgLWgIrB0/US5wvw9K6RERWAj6I=",
        "owner": "NixOS",
        "repo": "nixpkgs",
        "rev": "3aadb7ca9eac2891d52a9dec199d9580a6e2bf44",
        "type": "github"
      },
      "original": {
        "owner": "NixOS",
        "ref": "nixos-25.11",
        "repo": "nixpkgs",
        "type": "github"
      }
    },
    "nixpkgs_5": {
      "locked": {
        "lastModified": 1765934234,
        "narHash": "sha256-pJjWUzNnjbIAMIc5gRFUuKCDQ9S1cuh3b2hKgA7Mc4A=",
        "owner": "NixOS",
        "repo": "nixpkgs",
        "rev": "af84f9d270d404c17699522fab95bbf928a2d92f",
        "type": "github"
      },
      "original": {
        "owner": "NixOS",
        "ref": "nixpkgs-unstable",
        "repo": "nixpkgs",
        "type": "github"
      }
    },
    "opencode": {
      "inputs": {
        "nixpkgs": [
          "nixpkgs-bun"
        ]
      },
      "locked": {
        "lastModified": 1771643468,
        "narHash": "sha256-HfK6cQoCiIg9HWRpFxIqBBz4K46BmdU4P4CgSTtwYJg=",
        "owner": "anomalyco",
        "repo": "opencode",
        "rev": "206d81e02c5953f6652fdadfc69f5826943da08c",
        "type": "github"
      },
      "original": {
        "owner": "anomalyco",
        "repo": "opencode",
        "type": "github"
      }
    },
    "root": {
      "inputs": {
        "helix": "helix",
        "home-manager": "home-manager",
        "nix-darwin": "nix-darwin",
        "nix-index-database": "nix-index-database",
        "nixpkgs": "nixpkgs_2",
        "nixpkgs-bun": "nixpkgs-bun",
        "opencode": "opencode",
        "sops-nix": "sops-nix",
        "zellij-src": "zellij-src",
        "zesh-src": "zesh-src",
        "zig": "zig",
        "zjstatus-src": "zjstatus-src"
      }
    },
    "rust-overlay": {
      "inputs": {
        "nixpkgs": [
          "helix",
          "nixpkgs"
        ]
      },
      "locked": {
        "lastModified": 1759631821,
        "narHash": "sha256-V8A1L0FaU/aSXZ1QNJScxC12uP4hANeRBgI4YdhHeRM=",
        "owner": "oxalica",
        "repo": "rust-overlay",
        "rev": "1d7cbdaad90f8a5255a89a6eddd8af24dc89cafe",
        "type": "github"
      },
      "original": {
        "owner": "oxalica",
        "repo": "rust-overlay",
        "type": "github"
      }
    },
    "rust-overlay_2": {
      "inputs": {
        "nixpkgs": [
          "zjstatus-src",
          "nixpkgs"
        ]
      },
      "locked": {
        "lastModified": 1765939271,
        "narHash": "sha256-7F/d+ZrTYyOxnBZcleQZjOOEWc1IMXR/CLLRLLsVtHo=",
        "owner": "oxalica",
        "repo": "rust-overlay",
        "rev": "8028944c1339469124639da276d403d8ab7929a8",
        "type": "github"
      },
      "original": {
        "owner": "oxalica",
        "repo": "rust-overlay",
        "type": "github"
      }
    },
    "sops-nix": {
      "inputs": {
        "nixpkgs": "nixpkgs_3"
      },
      "locked": {
        "lastModified": 1771524872,
        "narHash": "sha256-eksVUcUsfS9mQx4D9DrYu88u9w70bAf+n6KmTDuIGEE=",
        "owner": "Mic92",
        "repo": "sops-nix",
        "rev": "e85540ffe97322dc1fea14dd11cdc2f59d540ac7",
        "type": "github"
      },
      "original": {
        "owner": "Mic92",
        "repo": "sops-nix",
        "type": "github"
      }
    },
    "systems": {
      "flake": false,
      "locked": {
        "lastModified": 1681028828,
        "narHash": "sha256-Vy1rq5AaRuLzOxct8nz4T6wlgyUR7zLU309k9mBC768=",
        "owner": "nix-systems",
        "repo": "default",
        "rev": "da67096a3b9bf56a91d16901293e51ba5b49a27e",
        "type": "github"
      },
      "original": {
        "owner": "nix-systems",
        "repo": "default",
        "type": "github"
      }
    },
    "systems_2": {
      "locked": {
        "lastModified": 1681028828,
        "narHash": "sha256-Vy1rq5AaRuLzOxct8nz4T6wlgyUR7zLU309k9mBC768=",
        "owner": "nix-systems",
        "repo": "default",
        "rev": "da67096a3b9bf56a91d16901293e51ba5b49a27e",
        "type": "github"
      },
      "original": {
        "owner": "nix-systems",
        "repo": "default",
        "type": "github"
      }
    },
    "zellij-src": {
      "flake": false,
      "locked": {
        "lastModified": 1771601101,
        "narHash": "sha256-aNXE5gK9iN9B48NCISBZuXlUcWUxnlf+A03zRBJd7YQ=",
        "owner": "zellij-org",
        "repo": "zellij",
        "rev": "523fda9f6369307815f3ea247700bd7130e7a0ca",
        "type": "github"
      },
      "original": {
        "owner": "zellij-org",
        "repo": "zellij",
        "type": "github"
      }
    },
    "zesh-src": {
      "flake": false,
      "locked": {
        "lastModified": 1770525406,
        "narHash": "sha256-CGxvwoTrXDed01nR1DVpmHNx7B8S1UnNNoaMpF6T08Q=",
        "owner": "roberte777",
        "repo": "zesh",
        "rev": "936fa261412aa674c1b7de31b115bd47050e8a5e",
        "type": "github"
      },
      "original": {
        "owner": "roberte777",
        "repo": "zesh",
        "type": "github"
      }
    },
    "zig": {
      "inputs": {
        "flake-compat": "flake-compat",
        "nixpkgs": "nixpkgs_4",
        "systems": "systems"
      },
      "locked": {
        "lastModified": 1771352843,
        "narHash": "sha256-AZ3TT5BWcdl/0eNCmUmJm8153YkBBpiSfuTyvxzCyjY=",
        "owner": "mitchellh",
        "repo": "zig-overlay",
        "rev": "46010092e447ffc31d7e35d55b4fb466000f3f17",
        "type": "github"
      },
      "original": {
        "owner": "mitchellh",
        "repo": "zig-overlay",
        "type": "github"
      }
    },
    "zjstatus-src": {
      "inputs": {
        "crane": "crane",
        "flake-utils": "flake-utils",
        "nixpkgs": "nixpkgs_5",
        "rust-overlay": "rust-overlay_2"
      },
      "locked": {
        "lastModified": 1771148613,
        "narHash": "sha256-nLzdw8jskekSRrunxBDCA0NCHr/2aJjcXqZ1Fcqm5eY=",
        "owner": "dj95",
        "repo": "zjstatus",
        "rev": "7a039f56da80681408454d6e175fde3f54b9e592",
        "type": "github"
      },
      "original": {
        "owner": "dj95",
        "repo": "zjstatus",
        "type": "github"
      }
    }
  },
  "root": "root",
  "version": 7
}
