{
  "nodes": {
    "flake-compat": {
      "flake": false,
      "locked": {
        "lastModified": 1761588595,
        "narHash": "sha256-XKUZz9zewJNUj46b4AJdiRZJAvSZ0Dqj2BNfXvFlJC4=",
        "owner": "edolstra",
        "repo": "flake-compat",
        "rev": "f387cd2afec9419c8ee37694406ca490c3f34ee5",
        "type": "github"
      },
      "original": {
        "owner": "edolstra",
        "repo": "flake-compat",
        "type": "github"
      }
    },
    "flake-utils": {
      "inputs": {
        "systems": "systems"
      },
      "locked": {
        "lastModified": 1731533236,
        "narHash": "sha256-l0KFg5HjrsfsO/JpG+r7fRrqm12kzFHyUHqHCVpMMbI=",
        "owner": "numtide",
        "repo": "flake-utils",
        "rev": "11707dc2f618dd54ca8739b309ec4fc024de578b",
        "type": "github"
      },
      "original": {
        "owner": "numtide",
        "repo": "flake-utils",
        "type": "github"
      }
    },
    "ghostty": {
      "inputs": {
        "flake-compat": "flake-compat",
        "flake-utils": "flake-utils",
        "home-manager": "home-manager",
        "nixpkgs": [
          "nixpkgs"
        ],
        "zig": "zig",
        "zon2nix": "zon2nix"
      },
      "locked": {
        "lastModified": 1769535559,
        "narHash": "sha256-/tFsaoKUGoyQKWQbFPtQOge+azCP3hPfzl7Yu1AW58Y=",
        "owner": "ghostty-org",
        "repo": "ghostty",
        "rev": "685daee01bbd18dc50c066ccfa85828509068a99",
        "type": "github"
      },
      "original": {
        "owner": "ghostty-org",
        "repo": "ghostty",
        "type": "github"
      }
    },
    "home-manager": {
      "inputs": {
        "nixpkgs": [
          "ghostty",
          "nixpkgs"
        ]
      },
      "locked": {
        "lastModified": 1768068402,
        "narHash": "sha256-bAXnnJZKJiF7Xr6eNW6+PhBf1lg2P1aFUO9+xgWkXfA=",
        "owner": "nix-community",
        "repo": "home-manager",
        "rev": "8bc5473b6bc2b6e1529a9c4040411e1199c43b4c",
        "type": "github"
      },
      "original": {
        "owner": "nix-community",
        "repo": "home-manager",
        "type": "github"
      }
    },
    "home-manager_2": {
      "inputs": {
        "nixpkgs": [
          "nixpkgs"
        ]
      },
      "locked": {
        "lastModified": 1769450270,
        "narHash": "sha256-pdVm/zJazDUAasTyHFX/Pbrlk9Upjxi0yzgn7GjGe4g=",
        "owner": "nix-community",
        "repo": "home-manager",
        "rev": "a10c1e8f5ad2589414407f4851c221cb66270257",
        "type": "github"
      },
      "original": {
        "owner": "nix-community",
        "ref": "master",
        "repo": "home-manager",
        "type": "github"
      }
    },
    "nix-index-database": {
      "inputs": {
        "nixpkgs": [
          "nixpkgs"
        ]
      },
      "locked": {
        "lastModified": 1765267181,
        "narHash": "sha256-d3NBA9zEtBu2JFMnTBqWj7Tmi7R5OikoU2ycrdhQEws=",
        "owner": "nix-community",
        "repo": "nix-index-database",
        "rev": "82befcf7dc77c909b0f2a09f5da910ec95c5b78f",
        "type": "github"
      },
      "original": {
        "owner": "nix-community",
        "repo": "nix-index-database",
        "type": "github"
      }
    },
    "nixpkgs": {
      "locked": {
        "lastModified": 1769433173,
        "narHash": "sha256-Gf1dFYgD344WZ3q0LPlRoWaNdNQq8kSBDLEWulRQSEs=",
        "owner": "NixOS",
        "repo": "nixpkgs",
        "rev": "13b0f9e6ac78abbbb736c635d87845c4f4bee51b",
        "type": "github"
      },
      "original": {
        "owner": "NixOS",
        "ref": "nixpkgs-unstable",
        "repo": "nixpkgs",
        "type": "github"
      }
    },
    "root": {
      "inputs": {
        "ghostty": "ghostty",
        "home-manager": "home-manager_2",
        "nix-index-database": "nix-index-database",
        "nixpkgs": "nixpkgs",
        "zen-browser": "zen-browser"
      }
    },
    "systems": {
      "locked": {
        "lastModified": 1681028828,
        "narHash": "sha256-Vy1rq5AaRuLzOxct8nz4T6wlgyUR7zLU309k9mBC768=",
        "owner": "nix-systems",
        "repo": "default",
        "rev": "da67096a3b9bf56a91d16901293e51ba5b49a27e",
        "type": "github"
      },
      "original": {
        "owner": "nix-systems",
        "repo": "default",
        "type": "github"
      }
    },
    "zen-browser": {
      "inputs": {
        "home-manager": [
          "home-manager"
        ],
        "nixpkgs": [
          "nixpkgs"
        ]
      },
      "locked": {
        "lastModified": 1769491693,
        "narHash": "sha256-bbqeCDML1yXI6kpy8q8BshKRV1szk3xV0StAbzw4Z+o=",
        "owner": "0xc000022070",
        "repo": "zen-browser-flake",
        "rev": "708e0f10aba5de7d0f55883d06fa08aa6a7cd462",
        "type": "github"
      },
      "original": {
        "owner": "0xc000022070",
        "repo": "zen-browser-flake",
        "type": "github"
      }
    },
    "zig": {
      "inputs": {
        "flake-compat": [
          "ghostty",
          "flake-compat"
        ],
        "flake-utils": [
          "ghostty",
          "flake-utils"
        ],
        "nixpkgs": [
          "ghostty",
          "nixpkgs"
        ]
      },
      "locked": {
        "lastModified": 1763295135,
        "narHash": "sha256-sGv/NHCmEnJivguGwB5w8LRmVqr1P72OjS+NzcJsssE=",
        "owner": "mitchellh",
        "repo": "zig-overlay",
        "rev": "64f8b42cfc615b2cf99144adf2b7728c7847c72a",
        "type": "github"
      },
      "original": {
        "owner": "mitchellh",
        "repo": "zig-overlay",
        "type": "github"
      }
    },
    "zon2nix": {
      "inputs": {
        "nixpkgs": [
          "ghostty",
          "nixpkgs"
        ]
      },
      "locked": {
        "lastModified": 1768231828,
        "narHash": "sha256-wL/8Iij4T2OLkhHcc4NieOjf7YeJffaUYbCiCqKv/+0=",
        "owner": "jcollie",
        "repo": "zon2nix",
        "rev": "c28e93f3ba133d4c1b1d65224e2eebede61fd071",
        "type": "github"
      },
      "original": {
        "owner": "jcollie",
        "repo": "zon2nix",
        "rev": "c28e93f3ba133d4c1b1d65224e2eebede61fd071",
        "type": "github"
      }
    }
  },
  "root": "root",
  "version": 7
}
